
Microsoft Visual Studio Solution File, Format Version 12.00
# Visual Studio Version 17
VisualStudioVersion = 17.11.35327.3
MinimumVisualStudioVersion = 10.0.40219.1
Project("{FAE04EC0-301F-11D3-BF4B-00C04F79EFBC}") = "eValAPI", "eValAPI\eValAPI.csproj", "{ABEFAE7C-9F43-40E9-ACB9-6046797F179C}"
EndProject
Project("{FAE04EC0-301F-11D3-BF4B-00C04F79EFBC}") = "eValService", "eValService\eValService.csproj", "{4858A247-BD43-46CB-8789-BB5B3B9E6DA0}"
EndProject
Project("{FAE04EC0-301F-11D3-BF4B-00C04F79EFBC}") = "eValRepository", "eValRepository\eValRepository.csproj", "{BB2276E0-133F-4364-9C85-963F7D015E30}"
EndProject
Project("{FAE04EC0-301F-11D3-BF4B-00C04F79EFBC}") = "eValDTO", "eValDTO\eValDTO.csproj", "{AD690014-9E0D-4757-8ED6-28781E315A8F}"
EndProject
Global
	GlobalSection(SolutionConfigurationPlatforms) = preSolution
		Debug|Any CPU = Debug|Any CPU
		Release|Any CPU = Release|Any CPU
	EndGlobalSection
	GlobalSection(ProjectConfigurationPlatforms) = postSolution
		{ABEFAE7C-9F43-40E9-ACB9-6046797F179C}.Debug|Any CPU.ActiveCfg = Debug|Any CPU
		{ABEFAE7C-9F43-40E9-ACB9-6046797F179C}.Debug|Any CPU.Build.0 = Debug|Any CPU
		{ABEFAE7C-9F43-40E9-ACB9-6046797F179C}.Release|Any CPU.ActiveCfg = Release|Any CPU
		{ABEFAE7C-9F43-40E9-ACB9-6046797F179C}.Release|Any CPU.Build.0 = Release|Any CPU
		{4858A247-BD43-46CB-8789-BB5B3B9E6DA0}.Debug|Any CPU.ActiveCfg = Debug|Any CPU
		{4858A247-BD43-46CB-8789-BB5B3B9E6DA0}.Debug|Any CPU.Build.0 = Debug|Any CPU
		{4858A247-BD43-46CB-8789-BB5B3B9E6DA0}.Release|Any CPU.ActiveCfg = Release|Any CPU
		{4858A247-BD43-46CB-8789-BB5B3B9E6DA0}.Release|Any CPU.Build.0 = Release|Any CPU
		{BB2276E0-133F-4364-9C85-963F7D015E30}.Debug|Any CPU.ActiveCfg = Debug|Any CPU
		{BB2276E0-133F-4364-9C85-963F7D015E30}.Debug|Any CPU.Build.0 = Debug|Any CPU
		{BB2276E0-133F-4364-9C85-963F7D015E30}.Release|Any CPU.ActiveCfg = Release|Any CPU
		{BB2276E0-133F-4364-9C85-963F7D015E30}.Release|Any CPU.Build.0 = Release|Any CPU
		{AD690014-9E0D-4757-8ED6-28781E315A8F}.Debug|Any CPU.ActiveCfg = Debug|Any CPU
		{AD690014-9E0D-4757-8ED6-28781E315A8F}.Debug|Any CPU.Build.0 = Debug|Any CPU
		{AD690014-9E0D-4757-8ED6-28781E315A8F}.Release|Any CPU.ActiveCfg = Release|Any CPU
		{AD690014-9E0D-4757-8ED6-28781E315A8F}.Release|Any CPU.Build.0 = Release|Any CPU
	EndGlobalSection
	GlobalSection(SolutionProperties) = preSolution
		HideSolutionNode = FALSE
	EndGlobalSection
	GlobalSection(ExtensibilityGlobals) = postSolution
		SolutionGuid = {1186D595-F7B6-4678-87E9-35DDE70DD6B5}
	EndGlobalSection
EndGlobal
